
Microsoft Visual Studio Solution File, Format Version 12.00
# Visual Studio Version 17
VisualStudioVersion = 17.7.34031.279
MinimumVisualStudioVersion = 10.0.40219.1
Project("{FAE04EC0-301F-11D3-BF4B-00C04F79EFBC}") = "ChessLogic", "ChessLogic\ChessLogic.csproj", "{14F147EC-9003-4CBB-B849-500C4FEABB22}"
EndProject
Project("{FAE04EC0-301F-11D3-BF4B-00C04F79EFBC}") = "ChessUI", "ChessUI\ChessUI.csproj", "{AB2BA9BF-1891-47F7-9C59-31F8F2E94C8B}"
EndProject
Global
	GlobalSection(SolutionConfigurationPlatforms) = preSolution
		Debug|Any CPU = Debug|Any CPU
		Release|Any CPU = Release|Any CPU
	EndGlobalSection
	GlobalSection(ProjectConfigurationPlatforms) = postSolution
		{14F147EC-9003-4CBB-B849-500C4FEABB22}.Debug|Any CPU.ActiveCfg = Debug|Any CPU
		{14F147EC-9003-4CBB-B849-500C4FEABB22}.Debug|Any CPU.Build.0 = Debug|Any CPU
		{14F147EC-9003-4CBB-B849-500C4FEABB22}.Release|Any CPU.ActiveCfg = Release|Any CPU
		{14F147EC-9003-4CBB-B849-500C4FEABB22}.Release|Any CPU.Build.0 = Release|Any CPU
		{AB2BA9BF-1891-47F7-9C59-31F8F2E94C8B}.Debug|Any CPU.ActiveCfg = Debug|Any CPU
		{AB2BA9BF-1891-47F7-9C59-31F8F2E94C8B}.Debug|Any CPU.Build.0 = Debug|Any CPU
		{AB2BA9BF-1891-47F7-9C59-31F8F2E94C8B}.Release|Any CPU.ActiveCfg = Release|Any CPU
		{AB2BA9BF-1891-47F7-9C59-31F8F2E94C8B}.Release|Any CPU.Build.0 = Release|Any CPU
	EndGlobalSection
	GlobalSection(SolutionProperties) = preSolution
		HideSolutionNode = FALSE
	EndGlobalSection
	GlobalSection(ExtensibilityGlobals) = postSolution
		SolutionGuid = {3F26A6D2-AAA2-4222-AA05-620E656B86EE}
	EndGlobalSection
EndGlobal
